
Microsoft Visual Studio Solution File, Format Version 12.00
# Visual Studio Version 17
VisualStudioVersion = 17.5.002.0
MinimumVisualStudioVersion = 10.0.40219.1
Project("{9A19103F-16F7-4668-BE54-9A1E7A4F7556}") = "TiroHub.API", "TiroHub.API\TiroHub.API.csproj", "{09797F08-3535-4D42-A8CD-21963261970C}"
EndProject
Project("{9A19103F-16F7-4668-BE54-9A1E7A4F7556}") = "TiroHub.Application", "TiroHub.Application\TiroHub.Application.csproj", "{11DC63F5-A74A-49C9-A9CB-5B2A63B7C72A}"
EndProject
Project("{9A19103F-16F7-4668-BE54-9A1E7A4F7556}") = "TiroHub.Domain", "TiroHub.Domain\TiroHub.Domain.csproj", "{E3A92C87-860F-45B9-876C-0524C5778EC9}"
EndProject
Project("{9A19103F-16F7-4668-BE54-9A1E7A4F7556}") = "TiroHub.Infrastructure", "TiroHub.Infrastructure\TiroHub.Infrastructure.csproj", "{42F1BB87-8FCB-4788-88F4-B8B99DDBD5BE}"
EndProject
Global
	GlobalSection(SolutionConfigurationPlatforms) = preSolution
		Debug|Any CPU = Debug|Any CPU
		Release|Any CPU = Release|Any CPU
	EndGlobalSection
	GlobalSection(ProjectConfigurationPlatforms) = postSolution
		{09797F08-3535-4D42-A8CD-21963261970C}.Debug|Any CPU.ActiveCfg = Debug|Any CPU
		{09797F08-3535-4D42-A8CD-21963261970C}.Debug|Any CPU.Build.0 = Debug|Any CPU
		{09797F08-3535-4D42-A8CD-21963261970C}.Release|Any CPU.ActiveCfg = Release|Any CPU
		{09797F08-3535-4D42-A8CD-21963261970C}.Release|Any CPU.Build.0 = Release|Any CPU
		{11DC63F5-A74A-49C9-A9CB-5B2A63B7C72A}.Debug|Any CPU.ActiveCfg = Debug|Any CPU
		{11DC63F5-A74A-49C9-A9CB-5B2A63B7C72A}.Debug|Any CPU.Build.0 = Debug|Any CPU
		{11DC63F5-A74A-49C9-A9CB-5B2A63B7C72A}.Release|Any CPU.ActiveCfg = Release|Any CPU
		{11DC63F5-A74A-49C9-A9CB-5B2A63B7C72A}.Release|Any CPU.Build.0 = Release|Any CPU
		{E3A92C87-860F-45B9-876C-0524C5778EC9}.Debug|Any CPU.ActiveCfg = Debug|Any CPU
		{E3A92C87-860F-45B9-876C-0524C5778EC9}.Debug|Any CPU.Build.0 = Debug|Any CPU
		{E3A92C87-860F-45B9-876C-0524C5778EC9}.Release|Any CPU.ActiveCfg = Release|Any CPU
		{E3A92C87-860F-45B9-876C-0524C5778EC9}.Release|Any CPU.Build.0 = Release|Any CPU
		{42F1BB87-8FCB-4788-88F4-B8B99DDBD5BE}.Debug|Any CPU.ActiveCfg = Debug|Any CPU
		{42F1BB87-8FCB-4788-88F4-B8B99DDBD5BE}.Debug|Any CPU.Build.0 = Debug|Any CPU
		{42F1BB87-8FCB-4788-88F4-B8B99DDBD5BE}.Release|Any CPU.ActiveCfg = Release|Any CPU
		{42F1BB87-8FCB-4788-88F4-B8B99DDBD5BE}.Release|Any CPU.Build.0 = Release|Any CPU
	EndGlobalSection
	GlobalSection(SolutionProperties) = preSolution
		HideSolutionNode = FALSE
	EndGlobalSection
	GlobalSection(ExtensibilityGlobals) = postSolution
		SolutionGuid = {9D385D2D-8B17-4F7A-8B5B-20DA8BA0028D}
	EndGlobalSection
EndGlobal
